Microsoft Visual Studio Solution File, Format Version 12.00
# Visual Studio Version 17
VisualStudioVersion = 17.5.2.0
MinimumVisualStudioVersion = 10.0.40219.1
Project("{FAE04EC0-301F-11D3-BF4B-00C04F79EFBC}") = "The Final Battle", "The Final Battle.csproj", "{22774ED8-CC06-0412-1F3F-C0CFC2E6F483}"
EndProject
Global
	GlobalSection(SolutionConfigurationPlatforms) = preSolution
		Debug|Any CPU = Debug|Any CPU
		Release|Any CPU = Release|Any CPU
	EndGlobalSection
	GlobalSection(ProjectConfigurationPlatforms) = postSolution
		{22774ED8-CC06-0412-1F3F-C0CFC2E6F483}.Debug|Any CPU.ActiveCfg = Debug|Any CPU
		{22774ED8-CC06-0412-1F3F-C0CFC2E6F483}.Debug|Any CPU.Build.0 = Debug|Any CPU
		{22774ED8-CC06-0412-1F3F-C0CFC2E6F483}.Release|Any CPU.ActiveCfg = Release|Any CPU
		{22774ED8-CC06-0412-1F3F-C0CFC2E6F483}.Release|Any CPU.Build.0 = Release|Any CPU
	EndGlobalSection
	GlobalSection(SolutionProperties) = preSolution
		HideSolutionNode = FALSE
	EndGlobalSection
	GlobalSection(ExtensibilityGlobals) = postSolution
		SolutionGuid = {C885AD05-7A76-4F3F-B3F7-D61E5FE39160}
	EndGlobalSection
EndGlobal
